
Microsoft Visual Studio Solution File, Format Version 12.00
# Visual Studio 14
VisualStudioVersion = 14.0.24720.0
MinimumVisualStudioVersion = 10.0.40219.1
Project("{FAE04EC0-301F-11D3-BF4B-00C04F79EFBC}") = "SutkaObsazenost", "SutkaObsazenost\SutkaObsazenost.csproj", "{E9DFDB4C-0EAC-4205-8A6D-14D839671515}"
EndProject
Project("{FAE04EC0-301F-11D3-BF4B-00C04F79EFBC}") = "SutkaObsazenostUI", "SutkaObsazenostUI\SutkaObsazenostUI.csproj", "{A8DABB79-5C74-4E83-9AA6-C9DFB01B81ED}"
EndProject
Global
	GlobalSection(SolutionConfigurationPlatforms) = preSolution
		Debug|Any CPU = Debug|Any CPU
		Release|Any CPU = Release|Any CPU
	EndGlobalSection
	GlobalSection(ProjectConfigurationPlatforms) = postSolution
		{E9DFDB4C-0EAC-4205-8A6D-14D839671515}.Debug|Any CPU.ActiveCfg = Debug|Any CPU
		{E9DFDB4C-0EAC-4205-8A6D-14D839671515}.Debug|Any CPU.Build.0 = Debug|Any CPU
		{E9DFDB4C-0EAC-4205-8A6D-14D839671515}.Release|Any CPU.ActiveCfg = Release|Any CPU
		{E9DFDB4C-0EAC-4205-8A6D-14D839671515}.Release|Any CPU.Build.0 = Release|Any CPU
		{A8DABB79-5C74-4E83-9AA6-C9DFB01B81ED}.Debug|Any CPU.ActiveCfg = Debug|Any CPU
		{A8DABB79-5C74-4E83-9AA6-C9DFB01B81ED}.Debug|Any CPU.Build.0 = Debug|Any CPU
		{A8DABB79-5C74-4E83-9AA6-C9DFB01B81ED}.Release|Any CPU.ActiveCfg = Release|Any CPU
		{A8DABB79-5C74-4E83-9AA6-C9DFB01B81ED}.Release|Any CPU.Build.0 = Release|Any CPU
	EndGlobalSection
	GlobalSection(SolutionProperties) = preSolution
		HideSolutionNode = FALSE
	EndGlobalSection
EndGlobal
